
Microsoft Visual Studio Solution File, Format Version 12.00
# Visual Studio Version 17
VisualStudioVersion = 17.14.36408.4 d17.14
MinimumVisualStudioVersion = 10.0.40219.1
Project("{FAE04EC0-301F-11D3-BF4B-00C04F79EFBC}") = "B10", "B10.csproj", "{481BA98A-95F0-4B59-923E-2417B4E6219D}"
EndProject
Global
	GlobalSection(SolutionConfigurationPlatforms) = preSolution
		Debug|Any CPU = Debug|Any CPU
		Release|Any CPU = Release|Any CPU
	EndGlobalSection
	GlobalSection(ProjectConfigurationPlatforms) = postSolution
		{481BA98A-95F0-4B59-923E-2417B4E6219D}.Debug|Any CPU.ActiveCfg = Debug|Any CPU
		{481BA98A-95F0-4B59-923E-2417B4E6219D}.Debug|Any CPU.Build.0 = Debug|Any CPU
		{481BA98A-95F0-4B59-923E-2417B4E6219D}.Release|Any CPU.ActiveCfg = Release|Any CPU
		{481BA98A-95F0-4B59-923E-2417B4E6219D}.Release|Any CPU.Build.0 = Release|Any CPU
	EndGlobalSection
	GlobalSection(SolutionProperties) = preSolution
		HideSolutionNode = FALSE
	EndGlobalSection
	GlobalSection(ExtensibilityGlobals) = postSolution
		SolutionGuid = {1E3D442F-1CAC-490D-A940-E44E8663FDD9}
	EndGlobalSection
EndGlobal
