
Microsoft Visual Studio Solution File, Format Version 12.00
# Visual Studio Version 17
VisualStudioVersion = 17.14.36408.4 d17.14
MinimumVisualStudioVersion = 10.0.40219.1
Project("{FAE04EC0-301F-11D3-BF4B-00C04F79EFBC}") = "b8", "b8.csproj", "{2810881F-683B-40B6-B39F-CB5643AB13FF}"
EndProject
Global
	GlobalSection(SolutionConfigurationPlatforms) = preSolution
		Debug|Any CPU = Debug|Any CPU
		Release|Any CPU = Release|Any CPU
	EndGlobalSection
	GlobalSection(ProjectConfigurationPlatforms) = postSolution
		{2810881F-683B-40B6-B39F-CB5643AB13FF}.Debug|Any CPU.ActiveCfg = Debug|Any CPU
		{2810881F-683B-40B6-B39F-CB5643AB13FF}.Debug|Any CPU.Build.0 = Debug|Any CPU
		{2810881F-683B-40B6-B39F-CB5643AB13FF}.Release|Any CPU.ActiveCfg = Release|Any CPU
		{2810881F-683B-40B6-B39F-CB5643AB13FF}.Release|Any CPU.Build.0 = Release|Any CPU
	EndGlobalSection
	GlobalSection(SolutionProperties) = preSolution
		HideSolutionNode = FALSE
	EndGlobalSection
	GlobalSection(ExtensibilityGlobals) = postSolution
		SolutionGuid = {FB5833AE-59AC-4BA3-BBFA-924B7BC61CA6}
	EndGlobalSection
EndGlobal
